
Microsoft Visual Studio Solution File, Format Version 12.00
# Visual Studio Version 16
VisualStudioVersion = 16.0.30907.101
MinimumVisualStudioVersion = 10.0.40219.1
Project("{FAE04EC0-301F-11D3-BF4B-00C04F79EFBC}") = "Opgave8", "Opgave8\Opgave8.csproj", "{6A4F62AC-0BF0-4414-95C1-B3104D3AFEDF}"
EndProject
Global
	GlobalSection(SolutionConfigurationPlatforms) = preSolution
		Debug|Any CPU = Debug|Any CPU
		Release|Any CPU = Release|Any CPU
	EndGlobalSection
	GlobalSection(ProjectConfigurationPlatforms) = postSolution
		{6A4F62AC-0BF0-4414-95C1-B3104D3AFEDF}.Debug|Any CPU.ActiveCfg = Debug|Any CPU
		{6A4F62AC-0BF0-4414-95C1-B3104D3AFEDF}.Debug|Any CPU.Build.0 = Debug|Any CPU
		{6A4F62AC-0BF0-4414-95C1-B3104D3AFEDF}.Release|Any CPU.ActiveCfg = Release|Any CPU
		{6A4F62AC-0BF0-4414-95C1-B3104D3AFEDF}.Release|Any CPU.Build.0 = Release|Any CPU
	EndGlobalSection
	GlobalSection(SolutionProperties) = preSolution
		HideSolutionNode = FALSE
	EndGlobalSection
	GlobalSection(ExtensibilityGlobals) = postSolution
		SolutionGuid = {56280A18-8955-4D5D-BD8F-C15131F6E9B7}
	EndGlobalSection
EndGlobal
